
Microsoft Visual Studio Solution File, Format Version 12.00
# Visual Studio Version 17
VisualStudioVersion = 17.9.34616.47
MinimumVisualStudioVersion = 10.0.40219.1
Project("{FAE04EC0-301F-11D3-BF4B-00C04F79EFBC}") = "MyFirstProgram", "MyFirstProgram\MyFirstProgram.csproj", "{7DDEA758-19BB-480E-AF1F-B5CAD8485E8E}"
EndProject
Global
	GlobalSection(SolutionConfigurationPlatforms) = preSolution
		Debug|Any CPU = Debug|Any CPU
		Release|Any CPU = Release|Any CPU
	EndGlobalSection
	GlobalSection(ProjectConfigurationPlatforms) = postSolution
		{7DDEA758-19BB-480E-AF1F-B5CAD8485E8E}.Debug|Any CPU.ActiveCfg = Debug|Any CPU
		{7DDEA758-19BB-480E-AF1F-B5CAD8485E8E}.Debug|Any CPU.Build.0 = Debug|Any CPU
		{7DDEA758-19BB-480E-AF1F-B5CAD8485E8E}.Release|Any CPU.ActiveCfg = Release|Any CPU
		{7DDEA758-19BB-480E-AF1F-B5CAD8485E8E}.Release|Any CPU.Build.0 = Release|Any CPU
	EndGlobalSection
	GlobalSection(SolutionProperties) = preSolution
		HideSolutionNode = FALSE
	EndGlobalSection
	GlobalSection(ExtensibilityGlobals) = postSolution
		SolutionGuid = {D19F7871-B582-408A-A8ED-AAC80AF202AC}
	EndGlobalSection
EndGlobal
